
Microsoft Visual Studio Solution File, Format Version 12.00
# Visual Studio 15
Project("{FAE04EC0-301F-11D3-BF4B-00C04F79EFBC}") = "Oculus.Interaction.Editor", "Oculus.Interaction.Editor.csproj", "{589A4DE5-52AC-5D71-320D-7301E1F4290E}"
EndProject
Project("{FAE04EC0-301F-11D3-BF4B-00C04F79EFBC}") = "Meta.WitAi.Conduit", "Meta.WitAi.Conduit.csproj", "{EA5977D7-B127-8176-BB4B-01EF0B50D4EF}"
EndProject
Project("{FAE04EC0-301F-11D3-BF4B-00C04F79EFBC}") = "Oculus.VR", "Oculus.VR.csproj", "{2B141D0F-C4FA-CB5D-26AA-119C413790FF}"
EndProject
Project("{FAE04EC0-301F-11D3-BF4B-00C04F79EFBC}") = "Oculus.Interaction", "Oculus.Interaction.csproj", "{584751F2-5DE7-8F65-63C4-CED4938950FD}"
EndProject
Project("{FAE04EC0-301F-11D3-BF4B-00C04F79EFBC}") = "Oculus.Voice.Demo", "Oculus.Voice.Demo.csproj", "{99A9DC19-593D-B7BC-C747-A5087E4E38C7}"
EndProject
Project("{FAE04EC0-301F-11D3-BF4B-00C04F79EFBC}") = "Meta.WitAi.Editor", "Meta.WitAi.Editor.csproj", "{F3D75B49-2D8F-78F6-C3FB-5DACCB753670}"
EndProject
Project("{FAE04EC0-301F-11D3-BF4B-00C04F79EFBC}") = "Oculus.Platform", "Oculus.Platform.csproj", "{AF292A0E-161A-E3CE-0190-EB46C19D53BE}"
EndProject
Project("{FAE04EC0-301F-11D3-BF4B-00C04F79EFBC}") = "Assembly-CSharp-firstpass", "Assembly-CSharp-firstpass.csproj", "{323120A6-19F0-FAA0-9B80-69D01033F9BA}"
EndProject
Project("{FAE04EC0-301F-11D3-BF4B-00C04F79EFBC}") = "Meta.WitAi.Conduit.Editor", "Meta.WitAi.Conduit.Editor.csproj", "{5DED87F9-F6B1-3452-FC2C-D91B01843C52}"
EndProject
Project("{FAE04EC0-301F-11D3-BF4B-00C04F79EFBC}") = "Meta.WitAi", "Meta.WitAi.csproj", "{C817A0B3-3AB2-CC93-DD8F-C8662ED966BD}"
EndProject
Project("{FAE04EC0-301F-11D3-BF4B-00C04F79EFBC}") = "Oculus.Interaction.OVR.Samples", "Oculus.Interaction.OVR.Samples.csproj", "{9342BF13-F520-5B3C-9B4B-3CFF1D67C697}"
EndProject
Project("{FAE04EC0-301F-11D3-BF4B-00C04F79EFBC}") = "Assembly-CSharp", "Assembly-CSharp.csproj", "{4D23E8F2-C3DA-B654-869B-15BF18B9F2B6}"
EndProject
Project("{FAE04EC0-301F-11D3-BF4B-00C04F79EFBC}") = "Meta.WitAi.Lib", "Meta.WitAi.Lib.csproj", "{775A35EC-A116-8D15-1D97-A2F002A80936}"
EndProject
Project("{FAE04EC0-301F-11D3-BF4B-00C04F79EFBC}") = "Oculus.VR.Editor", "Oculus.VR.Editor.csproj", "{1E99597C-D0E4-0FEF-E79A-F74073120BC6}"
EndProject
Project("{FAE04EC0-301F-11D3-BF4B-00C04F79EFBC}") = "RoadArchitect", "RoadArchitect.csproj", "{2EA7A00A-F16B-BF92-2B8E-F48F383BCF21}"
EndProject
Project("{FAE04EC0-301F-11D3-BF4B-00C04F79EFBC}") = "Meta.Voice.Hub.Runtime", "Meta.Voice.Hub.Runtime.csproj", "{BA2D9888-53D2-3954-16CC-B69B8A9E1055}"
EndProject
Project("{FAE04EC0-301F-11D3-BF4B-00C04F79EFBC}") = "VoiceSDK.Dictation.Runtime", "VoiceSDK.Dictation.Runtime.csproj", "{BC904385-2341-ADD9-EE40-E70033B88194}"
EndProject
Project("{FAE04EC0-301F-11D3-BF4B-00C04F79EFBC}") = "Oculus.LipSync", "Oculus.LipSync.csproj", "{8586164A-6735-9CEE-4D98-C80796E4A7C7}"
EndProject
Project("{FAE04EC0-301F-11D3-BF4B-00C04F79EFBC}") = "Assembly-CSharp-Editor", "Assembly-CSharp-Editor.csproj", "{42F756C0-E730-7F3E-C904-6B00E8538DC9}"
EndProject
Project("{FAE04EC0-301F-11D3-BF4B-00C04F79EFBC}") = "Oculus.Interaction.OVR", "Oculus.Interaction.OVR.csproj", "{FE510E78-AAB6-4AA6-9B19-6BC1FBCC9F61}"
EndProject
Project("{FAE04EC0-301F-11D3-BF4B-00C04F79EFBC}") = "Meta.WitAi.TTS.Samples", "Meta.WitAi.TTS.Samples.csproj", "{5BF1F79D-547B-FD63-4EC4-0EC55B454AE1}"
EndProject
Project("{FAE04EC0-301F-11D3-BF4B-00C04F79EFBC}") = "Meta.Voice.Hub.Editor", "Meta.Voice.Hub.Editor.csproj", "{49F5E83B-677A-FF35-AEBC-4770325317EB}"
EndProject
Project("{FAE04EC0-301F-11D3-BF4B-00C04F79EFBC}") = "VoiceSDK.Editor", "VoiceSDK.Editor.csproj", "{5147BF02-5086-214B-56DD-199937ADD16B}"
EndProject
Project("{FAE04EC0-301F-11D3-BF4B-00C04F79EFBC}") = "Meta.WitAI.Lib.Editor", "Meta.WitAI.Lib.Editor.csproj", "{E2372C5E-5B86-452B-03B8-F34B8AB1EF53}"
EndProject
Project("{FAE04EC0-301F-11D3-BF4B-00C04F79EFBC}") = "Oculus.Spatializer.Editor", "Oculus.Spatializer.Editor.csproj", "{6CE65C08-E612-2386-1B76-BA31F7F005F7}"
EndProject
Project("{FAE04EC0-301F-11D3-BF4B-00C04F79EFBC}") = "Oculus.AudioManager", "Oculus.AudioManager.csproj", "{83FE97F9-41D2-8524-740C-80CE3562B50F}"
EndProject
Project("{FAE04EC0-301F-11D3-BF4B-00C04F79EFBC}") = "AssistantCoreSDKRuntime", "AssistantCoreSDKRuntime.csproj", "{72B67DD5-3E87-0A9E-45DF-F895561BD363}"
EndProject
Project("{FAE04EC0-301F-11D3-BF4B-00C04F79EFBC}") = "Facebook.Wit.Dictation", "Facebook.Wit.Dictation.csproj", "{5302F92E-EFB6-0259-58E5-5FB725D57BC5}"
EndProject
Project("{FAE04EC0-301F-11D3-BF4B-00C04F79EFBC}") = "Oculus.Platform.Editor", "Oculus.Platform.Editor.csproj", "{B001829D-8EC3-DEB4-1A58-617DCE5E696C}"
EndProject
Project("{FAE04EC0-301F-11D3-BF4B-00C04F79EFBC}") = "VoiceSDK.Runtime", "VoiceSDK.Runtime.csproj", "{C2EF2FD3-1DE9-01C4-8103-145ECE35D2EB}"
EndProject
Project("{FAE04EC0-301F-11D3-BF4B-00C04F79EFBC}") = "Meta.Voice.VSDKHub.Editor", "Meta.Voice.VSDKHub.Editor.csproj", "{2CD23D71-4DC0-B753-1580-5D0241C7FDFF}"
EndProject
Project("{FAE04EC0-301F-11D3-BF4B-00C04F79EFBC}") = "Meta.WitAi.TTS", "Meta.WitAi.TTS.csproj", "{90416432-CD4B-72CE-28DF-D7A2CA3D894C}"
EndProject
Project("{FAE04EC0-301F-11D3-BF4B-00C04F79EFBC}") = "Assembly-CSharp-Editor-firstpass", "Assembly-CSharp-Editor-firstpass.csproj", "{FEE55963-7592-595C-B5D9-AE8361E8F4B9}"
EndProject
Project("{FAE04EC0-301F-11D3-BF4B-00C04F79EFBC}") = "Oculus.AudioManager.Audio.Editor", "Oculus.AudioManager.Audio.Editor.csproj", "{AFFBFCD0-9059-EC13-4497-0FFEE319A62C}"
EndProject
Project("{FAE04EC0-301F-11D3-BF4B-00C04F79EFBC}") = "Oculus.VR.Scripts.Editor", "Oculus.VR.Scripts.Editor.csproj", "{1CC63CCB-995C-C329-86D9-C27B9C9611E1}"
EndProject
Project("{FAE04EC0-301F-11D3-BF4B-00C04F79EFBC}") = "Oculus.Interaction.Samples.Editor", "Oculus.Interaction.Samples.Editor.csproj", "{28555091-AD44-1BF3-65C8-DBD61BF69A0A}"
EndProject
Project("{FAE04EC0-301F-11D3-BF4B-00C04F79EFBC}") = "Meta.WitAi.TTS.Editor", "Meta.WitAi.TTS.Editor.csproj", "{2FBD5396-2CAF-B5A5-3429-39B84B2ECC43}"
EndProject
Project("{FAE04EC0-301F-11D3-BF4B-00C04F79EFBC}") = "Oculus.Interaction.OVR.Editor", "Oculus.Interaction.OVR.Editor.csproj", "{9D2B8AEA-C714-4B09-C3D4-DF3DAA125C22}"
EndProject
Project("{FAE04EC0-301F-11D3-BF4B-00C04F79EFBC}") = "Oculus.Spatializer", "Oculus.Spatializer.csproj", "{90B3BDA0-5A02-CD92-3EBC-28876CB84F4E}"
EndProject
Project("{FAE04EC0-301F-11D3-BF4B-00C04F79EFBC}") = "Oculus.LipSync.Editor", "Oculus.LipSync.Editor.csproj", "{C2F98A7D-E75C-9FE1-8FA5-B92E94E57195}"
EndProject
Project("{FAE04EC0-301F-11D3-BF4B-00C04F79EFBC}") = "Oculus.AudioManager.Utils.Editor", "Oculus.AudioManager.Utils.Editor.csproj", "{482C0112-44AA-2151-9B18-BE5E2EB131AD}"
EndProject
Project("{FAE04EC0-301F-11D3-BF4B-00C04F79EFBC}") = "Meta.VoiceSDK.Mic.Common", "Meta.VoiceSDK.Mic.Common.csproj", "{20FC84CA-98F0-9A54-E3F1-C621114C91BB}"
EndProject
Project("{FAE04EC0-301F-11D3-BF4B-00C04F79EFBC}") = "VoiceSDK.Dictation.Editor", "VoiceSDK.Dictation.Editor.csproj", "{5A50B4E5-9A0E-90DD-F95D-D0B29A94B743}"
EndProject
Project("{FAE04EC0-301F-11D3-BF4B-00C04F79EFBC}") = "Meta.VoiceSDK.Mic.Other", "Meta.VoiceSDK.Mic.Other.csproj", "{27A6A989-9B04-7660-6808-2E7F24C8D8E8}"
EndProject
Project("{FAE04EC0-301F-11D3-BF4B-00C04F79EFBC}") = "AssistantCoreSDKEditor", "AssistantCoreSDKEditor.csproj", "{9E74A569-640D-7468-2397-454D6D814073}"
EndProject
Project("{FAE04EC0-301F-11D3-BF4B-00C04F79EFBC}") = "Oculus.Interaction.InterfaceSupport", "Oculus.Interaction.InterfaceSupport.csproj", "{2D566035-E61B-3244-9934-649A5AE0205E}"
EndProject
Project("{FAE04EC0-301F-11D3-BF4B-00C04F79EFBC}") = "Facebook.Wit.Dictation.Editor", "Facebook.Wit.Dictation.Editor.csproj", "{007BBC98-C6A3-AD8F-8FA3-E9CEE117B420}"
EndProject
Project("{FAE04EC0-301F-11D3-BF4B-00C04F79EFBC}") = "Meta.VoiceSDK.Mic.WebGL", "Meta.VoiceSDK.Mic.WebGL.csproj", "{F98236EA-6AD8-DBEC-51C6-E5688BB8634E}"
EndProject
Global
	GlobalSection(SolutionConfigurationPlatforms) = preSolution
		Debug|Any CPU = Debug|Any CPU
		Release|Any CPU = Release|Any CPU
	EndGlobalSection
	GlobalSection(ProjectConfigurationPlatforms) = postSolution
		{589A4DE5-52AC-5D71-320D-7301E1F4290E}.Debug|Any CPU.ActiveCfg = Debug|Any CPU
		{589A4DE5-52AC-5D71-320D-7301E1F4290E}.Debug|Any CPU.Build.0 = Debug|Any CPU
		{589A4DE5-52AC-5D71-320D-7301E1F4290E}.Release|Any CPU.ActiveCfg = Release|Any CPU
		{589A4DE5-52AC-5D71-320D-7301E1F4290E}.Release|Any CPU.Build.0 = Release|Any CPU
		{EA5977D7-B127-8176-BB4B-01EF0B50D4EF}.Debug|Any CPU.ActiveCfg = Debug|Any CPU
		{EA5977D7-B127-8176-BB4B-01EF0B50D4EF}.Debug|Any CPU.Build.0 = Debug|Any CPU
		{EA5977D7-B127-8176-BB4B-01EF0B50D4EF}.Release|Any CPU.ActiveCfg = Release|Any CPU
		{EA5977D7-B127-8176-BB4B-01EF0B50D4EF}.Release|Any CPU.Build.0 = Release|Any CPU
		{2B141D0F-C4FA-CB5D-26AA-119C413790FF}.Debug|Any CPU.ActiveCfg = Debug|Any CPU
		{2B141D0F-C4FA-CB5D-26AA-119C413790FF}.Debug|Any CPU.Build.0 = Debug|Any CPU
		{2B141D0F-C4FA-CB5D-26AA-119C413790FF}.Release|Any CPU.ActiveCfg = Release|Any CPU
		{2B141D0F-C4FA-CB5D-26AA-119C413790FF}.Release|Any CPU.Build.0 = Release|Any CPU
		{584751F2-5DE7-8F65-63C4-CED4938950FD}.Debug|Any CPU.ActiveCfg = Debug|Any CPU
		{584751F2-5DE7-8F65-63C4-CED4938950FD}.Debug|Any CPU.Build.0 = Debug|Any CPU
		{584751F2-5DE7-8F65-63C4-CED4938950FD}.Release|Any CPU.ActiveCfg = Release|Any CPU
		{584751F2-5DE7-8F65-63C4-CED4938950FD}.Release|Any CPU.Build.0 = Release|Any CPU
		{99A9DC19-593D-B7BC-C747-A5087E4E38C7}.Debug|Any CPU.ActiveCfg = Debug|Any CPU
		{99A9DC19-593D-B7BC-C747-A5087E4E38C7}.Debug|Any CPU.Build.0 = Debug|Any CPU
		{99A9DC19-593D-B7BC-C747-A5087E4E38C7}.Release|Any CPU.ActiveCfg = Release|Any CPU
		{99A9DC19-593D-B7BC-C747-A5087E4E38C7}.Release|Any CPU.Build.0 = Release|Any CPU
		{F3D75B49-2D8F-78F6-C3FB-5DACCB753670}.Debug|Any CPU.ActiveCfg = Debug|Any CPU
		{F3D75B49-2D8F-78F6-C3FB-5DACCB753670}.Debug|Any CPU.Build.0 = Debug|Any CPU
		{F3D75B49-2D8F-78F6-C3FB-5DACCB753670}.Release|Any CPU.ActiveCfg = Release|Any CPU
		{F3D75B49-2D8F-78F6-C3FB-5DACCB753670}.Release|Any CPU.Build.0 = Release|Any CPU
		{AF292A0E-161A-E3CE-0190-EB46C19D53BE}.Debug|Any CPU.ActiveCfg = Debug|Any CPU
		{AF292A0E-161A-E3CE-0190-EB46C19D53BE}.Debug|Any CPU.Build.0 = Debug|Any CPU
		{AF292A0E-161A-E3CE-0190-EB46C19D53BE}.Release|Any CPU.ActiveCfg = Release|Any CPU
		{AF292A0E-161A-E3CE-0190-EB46C19D53BE}.Release|Any CPU.Build.0 = Release|Any CPU
		{323120A6-19F0-FAA0-9B80-69D01033F9BA}.Debug|Any CPU.ActiveCfg = Debug|Any CPU
		{323120A6-19F0-FAA0-9B80-69D01033F9BA}.Debug|Any CPU.Build.0 = Debug|Any CPU
		{323120A6-19F0-FAA0-9B80-69D01033F9BA}.Release|Any CPU.ActiveCfg = Release|Any CPU
		{323120A6-19F0-FAA0-9B80-69D01033F9BA}.Release|Any CPU.Build.0 = Release|Any CPU
		{5DED87F9-F6B1-3452-FC2C-D91B01843C52}.Debug|Any CPU.ActiveCfg = Debug|Any CPU
		{5DED87F9-F6B1-3452-FC2C-D91B01843C52}.Debug|Any CPU.Build.0 = Debug|Any CPU
		{5DED87F9-F6B1-3452-FC2C-D91B01843C52}.Release|Any CPU.ActiveCfg = Release|Any CPU
		{5DED87F9-F6B1-3452-FC2C-D91B01843C52}.Release|Any CPU.Build.0 = Release|Any CPU
		{C817A0B3-3AB2-CC93-DD8F-C8662ED966BD}.Debug|Any CPU.ActiveCfg = Debug|Any CPU
		{C817A0B3-3AB2-CC93-DD8F-C8662ED966BD}.Debug|Any CPU.Build.0 = Debug|Any CPU
		{C817A0B3-3AB2-CC93-DD8F-C8662ED966BD}.Release|Any CPU.ActiveCfg = Release|Any CPU
		{C817A0B3-3AB2-CC93-DD8F-C8662ED966BD}.Release|Any CPU.Build.0 = Release|Any CPU
		{9342BF13-F520-5B3C-9B4B-3CFF1D67C697}.Debug|Any CPU.ActiveCfg = Debug|Any CPU
		{9342BF13-F520-5B3C-9B4B-3CFF1D67C697}.Debug|Any CPU.Build.0 = Debug|Any CPU
		{9342BF13-F520-5B3C-9B4B-3CFF1D67C697}.Release|Any CPU.ActiveCfg = Release|Any CPU
		{9342BF13-F520-5B3C-9B4B-3CFF1D67C697}.Release|Any CPU.Build.0 = Release|Any CPU
		{4D23E8F2-C3DA-B654-869B-15BF18B9F2B6}.Debug|Any CPU.ActiveCfg = Debug|Any CPU
		{4D23E8F2-C3DA-B654-869B-15BF18B9F2B6}.Debug|Any CPU.Build.0 = Debug|Any CPU
		{4D23E8F2-C3DA-B654-869B-15BF18B9F2B6}.Release|Any CPU.ActiveCfg = Release|Any CPU
		{4D23E8F2-C3DA-B654-869B-15BF18B9F2B6}.Release|Any CPU.Build.0 = Release|Any CPU
		{775A35EC-A116-8D15-1D97-A2F002A80936}.Debug|Any CPU.ActiveCfg = Debug|Any CPU
		{775A35EC-A116-8D15-1D97-A2F002A80936}.Debug|Any CPU.Build.0 = Debug|Any CPU
		{775A35EC-A116-8D15-1D97-A2F002A80936}.Release|Any CPU.ActiveCfg = Release|Any CPU
		{775A35EC-A116-8D15-1D97-A2F002A80936}.Release|Any CPU.Build.0 = Release|Any CPU
		{1E99597C-D0E4-0FEF-E79A-F74073120BC6}.Debug|Any CPU.ActiveCfg = Debug|Any CPU
		{1E99597C-D0E4-0FEF-E79A-F74073120BC6}.Debug|Any CPU.Build.0 = Debug|Any CPU
		{1E99597C-D0E4-0FEF-E79A-F74073120BC6}.Release|Any CPU.ActiveCfg = Release|Any CPU
		{1E99597C-D0E4-0FEF-E79A-F74073120BC6}.Release|Any CPU.Build.0 = Release|Any CPU
		{2EA7A00A-F16B-BF92-2B8E-F48F383BCF21}.Debug|Any CPU.ActiveCfg = Debug|Any CPU
		{2EA7A00A-F16B-BF92-2B8E-F48F383BCF21}.Debug|Any CPU.Build.0 = Debug|Any CPU
		{2EA7A00A-F16B-BF92-2B8E-F48F383BCF21}.Release|Any CPU.ActiveCfg = Release|Any CPU
		{2EA7A00A-F16B-BF92-2B8E-F48F383BCF21}.Release|Any CPU.Build.0 = Release|Any CPU
		{BA2D9888-53D2-3954-16CC-B69B8A9E1055}.Debug|Any CPU.ActiveCfg = Debug|Any CPU
		{BA2D9888-53D2-3954-16CC-B69B8A9E1055}.Debug|Any CPU.Build.0 = Debug|Any CPU
		{BA2D9888-53D2-3954-16CC-B69B8A9E1055}.Release|Any CPU.ActiveCfg = Release|Any CPU
		{BA2D9888-53D2-3954-16CC-B69B8A9E1055}.Release|Any CPU.Build.0 = Release|Any CPU
		{BC904385-2341-ADD9-EE40-E70033B88194}.Debug|Any CPU.ActiveCfg = Debug|Any CPU
		{BC904385-2341-ADD9-EE40-E70033B88194}.Debug|Any CPU.Build.0 = Debug|Any CPU
		{BC904385-2341-ADD9-EE40-E70033B88194}.Release|Any CPU.ActiveCfg = Release|Any CPU
		{BC904385-2341-ADD9-EE40-E70033B88194}.Release|Any CPU.Build.0 = Release|Any CPU
		{8586164A-6735-9CEE-4D98-C80796E4A7C7}.Debug|Any CPU.ActiveCfg = Debug|Any CPU
		{8586164A-6735-9CEE-4D98-C80796E4A7C7}.Debug|Any CPU.Build.0 = Debug|Any CPU
		{8586164A-6735-9CEE-4D98-C80796E4A7C7}.Release|Any CPU.ActiveCfg = Release|Any CPU
		{8586164A-6735-9CEE-4D98-C80796E4A7C7}.Release|Any CPU.Build.0 = Release|Any CPU
		{42F756C0-E730-7F3E-C904-6B00E8538DC9}.Debug|Any CPU.ActiveCfg = Debug|Any CPU
		{42F756C0-E730-7F3E-C904-6B00E8538DC9}.Debug|Any CPU.Build.0 = Debug|Any CPU
		{42F756C0-E730-7F3E-C904-6B00E8538DC9}.Release|Any CPU.ActiveCfg = Release|Any CPU
		{42F756C0-E730-7F3E-C904-6B00E8538DC9}.Release|Any CPU.Build.0 = Release|Any CPU
		{FE510E78-AAB6-4AA6-9B19-6BC1FBCC9F61}.Debug|Any CPU.ActiveCfg = Debug|Any CPU
		{FE510E78-AAB6-4AA6-9B19-6BC1FBCC9F61}.Debug|Any CPU.Build.0 = Debug|Any CPU
		{FE510E78-AAB6-4AA6-9B19-6BC1FBCC9F61}.Release|Any CPU.ActiveCfg = Release|Any CPU
		{FE510E78-AAB6-4AA6-9B19-6BC1FBCC9F61}.Release|Any CPU.Build.0 = Release|Any CPU
		{5BF1F79D-547B-FD63-4EC4-0EC55B454AE1}.Debug|Any CPU.ActiveCfg = Debug|Any CPU
		{5BF1F79D-547B-FD63-4EC4-0EC55B454AE1}.Debug|Any CPU.Build.0 = Debug|Any CPU
		{5BF1F79D-547B-FD63-4EC4-0EC55B454AE1}.Release|Any CPU.ActiveCfg = Release|Any CPU
		{5BF1F79D-547B-FD63-4EC4-0EC55B454AE1}.Release|Any CPU.Build.0 = Release|Any CPU
		{49F5E83B-677A-FF35-AEBC-4770325317EB}.Debug|Any CPU.ActiveCfg = Debug|Any CPU
		{49F5E83B-677A-FF35-AEBC-4770325317EB}.Debug|Any CPU.Build.0 = Debug|Any CPU
		{49F5E83B-677A-FF35-AEBC-4770325317EB}.Release|Any CPU.ActiveCfg = Release|Any CPU
		{49F5E83B-677A-FF35-AEBC-4770325317EB}.Release|Any CPU.Build.0 = Release|Any CPU
		{5147BF02-5086-214B-56DD-199937ADD16B}.Debug|Any CPU.ActiveCfg = Debug|Any CPU
		{5147BF02-5086-214B-56DD-199937ADD16B}.Debug|Any CPU.Build.0 = Debug|Any CPU
		{5147BF02-5086-214B-56DD-199937ADD16B}.Release|Any CPU.ActiveCfg = Release|Any CPU
		{5147BF02-5086-214B-56DD-199937ADD16B}.Release|Any CPU.Build.0 = Release|Any CPU
		{E2372C5E-5B86-452B-03B8-F34B8AB1EF53}.Debug|Any CPU.ActiveCfg = Debug|Any CPU
		{E2372C5E-5B86-452B-03B8-F34B8AB1EF53}.Debug|Any CPU.Build.0 = Debug|Any CPU
		{E2372C5E-5B86-452B-03B8-F34B8AB1EF53}.Release|Any CPU.ActiveCfg = Release|Any CPU
		{E2372C5E-5B86-452B-03B8-F34B8AB1EF53}.Release|Any CPU.Build.0 = Release|Any CPU
		{6CE65C08-E612-2386-1B76-BA31F7F005F7}.Debug|Any CPU.ActiveCfg = Debug|Any CPU
		{6CE65C08-E612-2386-1B76-BA31F7F005F7}.Debug|Any CPU.Build.0 = Debug|Any CPU
		{6CE65C08-E612-2386-1B76-BA31F7F005F7}.Release|Any CPU.ActiveCfg = Release|Any CPU
		{6CE65C08-E612-2386-1B76-BA31F7F005F7}.Release|Any CPU.Build.0 = Release|Any CPU
		{83FE97F9-41D2-8524-740C-80CE3562B50F}.Debug|Any CPU.ActiveCfg = Debug|Any CPU
		{83FE97F9-41D2-8524-740C-80CE3562B50F}.Debug|Any CPU.Build.0 = Debug|Any CPU
		{83FE97F9-41D2-8524-740C-80CE3562B50F}.Release|Any CPU.ActiveCfg = Release|Any CPU
		{83FE97F9-41D2-8524-740C-80CE3562B50F}.Release|Any CPU.Build.0 = Release|Any CPU
		{72B67DD5-3E87-0A9E-45DF-F895561BD363}.Debug|Any CPU.ActiveCfg = Debug|Any CPU
		{72B67DD5-3E87-0A9E-45DF-F895561BD363}.Debug|Any CPU.Build.0 = Debug|Any CPU
		{72B67DD5-3E87-0A9E-45DF-F895561BD363}.Release|Any CPU.ActiveCfg = Release|Any CPU
		{72B67DD5-3E87-0A9E-45DF-F895561BD363}.Release|Any CPU.Build.0 = Release|Any CPU
		{5302F92E-EFB6-0259-58E5-5FB725D57BC5}.Debug|Any CPU.ActiveCfg = Debug|Any CPU
		{5302F92E-EFB6-0259-58E5-5FB725D57BC5}.Debug|Any CPU.Build.0 = Debug|Any CPU
		{5302F92E-EFB6-0259-58E5-5FB725D57BC5}.Release|Any CPU.ActiveCfg = Release|Any CPU
		{5302F92E-EFB6-0259-58E5-5FB725D57BC5}.Release|Any CPU.Build.0 = Release|Any CPU
		{B001829D-8EC3-DEB4-1A58-617DCE5E696C}.Debug|Any CPU.ActiveCfg = Debug|Any CPU
		{B001829D-8EC3-DEB4-1A58-617DCE5E696C}.Debug|Any CPU.Build.0 = Debug|Any CPU
		{B001829D-8EC3-DEB4-1A58-617DCE5E696C}.Release|Any CPU.ActiveCfg = Release|Any CPU
		{B001829D-8EC3-DEB4-1A58-617DCE5E696C}.Release|Any CPU.Build.0 = Release|Any CPU
		{C2EF2FD3-1DE9-01C4-8103-145ECE35D2EB}.Debug|Any CPU.ActiveCfg = Debug|Any CPU
		{C2EF2FD3-1DE9-01C4-8103-145ECE35D2EB}.Debug|Any CPU.Build.0 = Debug|Any CPU
		{C2EF2FD3-1DE9-01C4-8103-145ECE35D2EB}.Release|Any CPU.ActiveCfg = Release|Any CPU
		{C2EF2FD3-1DE9-01C4-8103-145ECE35D2EB}.Release|Any CPU.Build.0 = Release|Any CPU
		{2CD23D71-4DC0-B753-1580-5D0241C7FDFF}.Debug|Any CPU.ActiveCfg = Debug|Any CPU
		{2CD23D71-4DC0-B753-1580-5D0241C7FDFF}.Debug|Any CPU.Build.0 = Debug|Any CPU
		{2CD23D71-4DC0-B753-1580-5D0241C7FDFF}.Release|Any CPU.ActiveCfg = Release|Any CPU
		{2CD23D71-4DC0-B753-1580-5D0241C7FDFF}.Release|Any CPU.Build.0 = Release|Any CPU
		{90416432-CD4B-72CE-28DF-D7A2CA3D894C}.Debug|Any CPU.ActiveCfg = Debug|Any CPU
		{90416432-CD4B-72CE-28DF-D7A2CA3D894C}.Debug|Any CPU.Build.0 = Debug|Any CPU
		{90416432-CD4B-72CE-28DF-D7A2CA3D894C}.Release|Any CPU.ActiveCfg = Release|Any CPU
		{90416432-CD4B-72CE-28DF-D7A2CA3D894C}.Release|Any CPU.Build.0 = Release|Any CPU
		{FEE55963-7592-595C-B5D9-AE8361E8F4B9}.Debug|Any CPU.ActiveCfg = Debug|Any CPU
		{FEE55963-7592-595C-B5D9-AE8361E8F4B9}.Debug|Any CPU.Build.0 = Debug|Any CPU
		{FEE55963-7592-595C-B5D9-AE8361E8F4B9}.Release|Any CPU.ActiveCfg = Release|Any CPU
		{FEE55963-7592-595C-B5D9-AE8361E8F4B9}.Release|Any CPU.Build.0 = Release|Any CPU
		{AFFBFCD0-9059-EC13-4497-0FFEE319A62C}.Debug|Any CPU.ActiveCfg = Debug|Any CPU
		{AFFBFCD0-9059-EC13-4497-0FFEE319A62C}.Debug|Any CPU.Build.0 = Debug|Any CPU
		{AFFBFCD0-9059-EC13-4497-0FFEE319A62C}.Release|Any CPU.ActiveCfg = Release|Any CPU
		{AFFBFCD0-9059-EC13-4497-0FFEE319A62C}.Release|Any CPU.Build.0 = Release|Any CPU
		{1CC63CCB-995C-C329-86D9-C27B9C9611E1}.Debug|Any CPU.ActiveCfg = Debug|Any CPU
		{1CC63CCB-995C-C329-86D9-C27B9C9611E1}.Debug|Any CPU.Build.0 = Debug|Any CPU
		{1CC63CCB-995C-C329-86D9-C27B9C9611E1}.Release|Any CPU.ActiveCfg = Release|Any CPU
		{1CC63CCB-995C-C329-86D9-C27B9C9611E1}.Release|Any CPU.Build.0 = Release|Any CPU
		{28555091-AD44-1BF3-65C8-DBD61BF69A0A}.Debug|Any CPU.ActiveCfg = Debug|Any CPU
		{28555091-AD44-1BF3-65C8-DBD61BF69A0A}.Debug|Any CPU.Build.0 = Debug|Any CPU
		{28555091-AD44-1BF3-65C8-DBD61BF69A0A}.Release|Any CPU.ActiveCfg = Release|Any CPU
		{28555091-AD44-1BF3-65C8-DBD61BF69A0A}.Release|Any CPU.Build.0 = Release|Any CPU
		{2FBD5396-2CAF-B5A5-3429-39B84B2ECC43}.Debug|Any CPU.ActiveCfg = Debug|Any CPU
		{2FBD5396-2CAF-B5A5-3429-39B84B2ECC43}.Debug|Any CPU.Build.0 = Debug|Any CPU
		{2FBD5396-2CAF-B5A5-3429-39B84B2ECC43}.Release|Any CPU.ActiveCfg = Release|Any CPU
		{2FBD5396-2CAF-B5A5-3429-39B84B2ECC43}.Release|Any CPU.Build.0 = Release|Any CPU
		{9D2B8AEA-C714-4B09-C3D4-DF3DAA125C22}.Debug|Any CPU.ActiveCfg = Debug|Any CPU
		{9D2B8AEA-C714-4B09-C3D4-DF3DAA125C22}.Debug|Any CPU.Build.0 = Debug|Any CPU
		{9D2B8AEA-C714-4B09-C3D4-DF3DAA125C22}.Release|Any CPU.ActiveCfg = Release|Any CPU
		{9D2B8AEA-C714-4B09-C3D4-DF3DAA125C22}.Release|Any CPU.Build.0 = Release|Any CPU
		{90B3BDA0-5A02-CD92-3EBC-28876CB84F4E}.Debug|Any CPU.ActiveCfg = Debug|Any CPU
		{90B3BDA0-5A02-CD92-3EBC-28876CB84F4E}.Debug|Any CPU.Build.0 = Debug|Any CPU
		{90B3BDA0-5A02-CD92-3EBC-28876CB84F4E}.Release|Any CPU.ActiveCfg = Release|Any CPU
		{90B3BDA0-5A02-CD92-3EBC-28876CB84F4E}.Release|Any CPU.Build.0 = Release|Any CPU
		{C2F98A7D-E75C-9FE1-8FA5-B92E94E57195}.Debug|Any CPU.ActiveCfg = Debug|Any CPU
		{C2F98A7D-E75C-9FE1-8FA5-B92E94E57195}.Debug|Any CPU.Build.0 = Debug|Any CPU
		{C2F98A7D-E75C-9FE1-8FA5-B92E94E57195}.Release|Any CPU.ActiveCfg = Release|Any CPU
		{C2F98A7D-E75C-9FE1-8FA5-B92E94E57195}.Release|Any CPU.Build.0 = Release|Any CPU
		{482C0112-44AA-2151-9B18-BE5E2EB131AD}.Debug|Any CPU.ActiveCfg = Debug|Any CPU
		{482C0112-44AA-2151-9B18-BE5E2EB131AD}.Debug|Any CPU.Build.0 = Debug|Any CPU
		{482C0112-44AA-2151-9B18-BE5E2EB131AD}.Release|Any CPU.ActiveCfg = Release|Any CPU
		{482C0112-44AA-2151-9B18-BE5E2EB131AD}.Release|Any CPU.Build.0 = Release|Any CPU
		{20FC84CA-98F0-9A54-E3F1-C621114C91BB}.Debug|Any CPU.ActiveCfg = Debug|Any CPU
		{20FC84CA-98F0-9A54-E3F1-C621114C91BB}.Debug|Any CPU.Build.0 = Debug|Any CPU
		{20FC84CA-98F0-9A54-E3F1-C621114C91BB}.Release|Any CPU.ActiveCfg = Release|Any CPU
		{20FC84CA-98F0-9A54-E3F1-C621114C91BB}.Release|Any CPU.Build.0 = Release|Any CPU
		{5A50B4E5-9A0E-90DD-F95D-D0B29A94B743}.Debug|Any CPU.ActiveCfg = Debug|Any CPU
		{5A50B4E5-9A0E-90DD-F95D-D0B29A94B743}.Debug|Any CPU.Build.0 = Debug|Any CPU
		{5A50B4E5-9A0E-90DD-F95D-D0B29A94B743}.Release|Any CPU.ActiveCfg = Release|Any CPU
		{5A50B4E5-9A0E-90DD-F95D-D0B29A94B743}.Release|Any CPU.Build.0 = Release|Any CPU
		{27A6A989-9B04-7660-6808-2E7F24C8D8E8}.Debug|Any CPU.ActiveCfg = Debug|Any CPU
		{27A6A989-9B04-7660-6808-2E7F24C8D8E8}.Debug|Any CPU.Build.0 = Debug|Any CPU
		{27A6A989-9B04-7660-6808-2E7F24C8D8E8}.Release|Any CPU.ActiveCfg = Release|Any CPU
		{27A6A989-9B04-7660-6808-2E7F24C8D8E8}.Release|Any CPU.Build.0 = Release|Any CPU
		{9E74A569-640D-7468-2397-454D6D814073}.Debug|Any CPU.ActiveCfg = Debug|Any CPU
		{9E74A569-640D-7468-2397-454D6D814073}.Debug|Any CPU.Build.0 = Debug|Any CPU
		{9E74A569-640D-7468-2397-454D6D814073}.Release|Any CPU.ActiveCfg = Release|Any CPU
		{9E74A569-640D-7468-2397-454D6D814073}.Release|Any CPU.Build.0 = Release|Any CPU
		{2D566035-E61B-3244-9934-649A5AE0205E}.Debug|Any CPU.ActiveCfg = Debug|Any CPU
		{2D566035-E61B-3244-9934-649A5AE0205E}.Debug|Any CPU.Build.0 = Debug|Any CPU
		{2D566035-E61B-3244-9934-649A5AE0205E}.Release|Any CPU.ActiveCfg = Release|Any CPU
		{2D566035-E61B-3244-9934-649A5AE0205E}.Release|Any CPU.Build.0 = Release|Any CPU
		{007BBC98-C6A3-AD8F-8FA3-E9CEE117B420}.Debug|Any CPU.ActiveCfg = Debug|Any CPU
		{007BBC98-C6A3-AD8F-8FA3-E9CEE117B420}.Debug|Any CPU.Build.0 = Debug|Any CPU
		{007BBC98-C6A3-AD8F-8FA3-E9CEE117B420}.Release|Any CPU.ActiveCfg = Release|Any CPU
		{007BBC98-C6A3-AD8F-8FA3-E9CEE117B420}.Release|Any CPU.Build.0 = Release|Any CPU
		{F98236EA-6AD8-DBEC-51C6-E5688BB8634E}.Debug|Any CPU.ActiveCfg = Debug|Any CPU
		{F98236EA-6AD8-DBEC-51C6-E5688BB8634E}.Debug|Any CPU.Build.0 = Debug|Any CPU
		{F98236EA-6AD8-DBEC-51C6-E5688BB8634E}.Release|Any CPU.ActiveCfg = Release|Any CPU
		{F98236EA-6AD8-DBEC-51C6-E5688BB8634E}.Release|Any CPU.Build.0 = Release|Any CPU
	EndGlobalSection
	GlobalSection(SolutionProperties) = preSolution
		HideSolutionNode = FALSE
	EndGlobalSection
EndGlobal
